
Microsoft Visual Studio Solution File, Format Version 12.00
# Visual Studio 2012
Project("{8BC9CEB8-8B4A-11D0-8D11-00A0C91BC942}") = "Non-DivisibleSubset", "Non-DivisibleSubset\Non-DivisibleSubset.vcxproj", "{6227AE2E-933C-4941-B7AC-42544061B31A}"
EndProject
Project("{8BC9CEB8-8B4A-11D0-8D11-00A0C91BC942}") = "Leet_RansomNote", "Leet_RansomNote\Leet_RansomNote.vcxproj", "{9F731DF1-6EE3-47F1-8389-639419D76F18}"
EndProject
Project("{8BC9CEB8-8B4A-11D0-8D11-00A0C91BC942}") = "Leet_InvertBinaryTree", "Leet_InvertBinaryTree\Leet_InvertBinaryTree.vcxproj", "{9AAAE760-918C-4BFC-ADD2-F1CA031354B9}"
EndProject
Project("{8BC9CEB8-8B4A-11D0-8D11-00A0C91BC942}") = "TestAmrFile", "TestAmrFile\TestAmrFile.vcxproj", "{ED07839F-9417-4264-B4AD-24BE35C0D33C}"
EndProject
Global
	GlobalSection(SolutionConfigurationPlatforms) = preSolution
		Debug|Win32 = Debug|Win32
		Release|Win32 = Release|Win32
	EndGlobalSection
	GlobalSection(ProjectConfigurationPlatforms) = postSolution
		{6227AE2E-933C-4941-B7AC-42544061B31A}.Debug|Win32.ActiveCfg = Debug|Win32
		{6227AE2E-933C-4941-B7AC-42544061B31A}.Debug|Win32.Build.0 = Debug|Win32
		{6227AE2E-933C-4941-B7AC-42544061B31A}.Release|Win32.ActiveCfg = Release|Win32
		{6227AE2E-933C-4941-B7AC-42544061B31A}.Release|Win32.Build.0 = Release|Win32
		{9F731DF1-6EE3-47F1-8389-639419D76F18}.Debug|Win32.ActiveCfg = Debug|Win32
		{9F731DF1-6EE3-47F1-8389-639419D76F18}.Debug|Win32.Build.0 = Debug|Win32
		{9F731DF1-6EE3-47F1-8389-639419D76F18}.Release|Win32.ActiveCfg = Release|Win32
		{9F731DF1-6EE3-47F1-8389-639419D76F18}.Release|Win32.Build.0 = Release|Win32
		{9AAAE760-918C-4BFC-ADD2-F1CA031354B9}.Debug|Win32.ActiveCfg = Debug|Win32
		{9AAAE760-918C-4BFC-ADD2-F1CA031354B9}.Debug|Win32.Build.0 = Debug|Win32
		{9AAAE760-918C-4BFC-ADD2-F1CA031354B9}.Release|Win32.ActiveCfg = Release|Win32
		{9AAAE760-918C-4BFC-ADD2-F1CA031354B9}.Release|Win32.Build.0 = Release|Win32
		{ED07839F-9417-4264-B4AD-24BE35C0D33C}.Debug|Win32.ActiveCfg = Debug|Win32
		{ED07839F-9417-4264-B4AD-24BE35C0D33C}.Debug|Win32.Build.0 = Debug|Win32
		{ED07839F-9417-4264-B4AD-24BE35C0D33C}.Release|Win32.ActiveCfg = Release|Win32
		{ED07839F-9417-4264-B4AD-24BE35C0D33C}.Release|Win32.Build.0 = Release|Win32
	EndGlobalSection
	GlobalSection(SolutionProperties) = preSolution
		HideSolutionNode = FALSE
	EndGlobalSection
EndGlobal
